
Microsoft Visual Studio Solution File, Format Version 12.00
# Visual Studio Version 16
VisualStudioVersion = 16.0.30413.136
MinimumVisualStudioVersion = 10.0.40219.1
Project("{FAE04EC0-301F-11D3-BF4B-00C04F79EFBC}") = "Snakee", "Snakee.csproj", "{DBD78FF1-3808-4B97-815B-4E6E09A0AC72}"
EndProject
Global
	GlobalSection(SolutionConfigurationPlatforms) = preSolution
		Debug|Any CPU = Debug|Any CPU
		Release|Any CPU = Release|Any CPU
	EndGlobalSection
	GlobalSection(ProjectConfigurationPlatforms) = postSolution
		{DBD78FF1-3808-4B97-815B-4E6E09A0AC72}.Debug|Any CPU.ActiveCfg = Debug|Any CPU
		{DBD78FF1-3808-4B97-815B-4E6E09A0AC72}.Debug|Any CPU.Build.0 = Debug|Any CPU
		{DBD78FF1-3808-4B97-815B-4E6E09A0AC72}.Release|Any CPU.ActiveCfg = Release|Any CPU
		{DBD78FF1-3808-4B97-815B-4E6E09A0AC72}.Release|Any CPU.Build.0 = Release|Any CPU
	EndGlobalSection
	GlobalSection(SolutionProperties) = preSolution
		HideSolutionNode = FALSE
	EndGlobalSection
	GlobalSection(ExtensibilityGlobals) = postSolution
		SolutionGuid = {065CD920-601A-4273-B302-C2E9D2501A37}
	EndGlobalSection
EndGlobal
